PODS:
  - TextFieldEffects (1.5.0)

DEPENDENCIES:
  - TextFieldEffects

SPEC REPOS:
  https://github.com/cocoapods/specs.git:
    - TextFieldEffects

SPEC CHECKSUMS:
  TextFieldEffects: bf9e9cac7cb1a97d632fbcd0724bb6347dd86633

PODFILE CHECKSUM: f3137c700c43c0406c64a7a572f6de009e5f0279

COCOAPODS: 1.5.3
