PODS:
  - TextFieldEffects (1.5.1)

DEPENDENCIES:
  - TextFieldEffects

SPEC REPOS:
  https://github.com/cocoapods/specs.git:
    - TextFieldEffects

SPEC CHECKSUMS:
  TextFieldEffects: 7d372f58aeaf9acd9626bbf962680aef926b085d

PODFILE CHECKSUM: 35b82b46005a20be0c60c58e3f478aadb4616997

COCOAPODS: 1.5.3
