// !$*UTF8*$!
{
	archiveVersion = 1;
	classes = {
	};
	objectVersion = 50;
	objects = {

/* Begin PBXBuildFile section */
		03008A9521C3A56E008E7059 /* AppDelegate.swift in Sources */ = {isa = PBXBuildFile; fileRef = 03008A9421C3A56E008E7059 /* AppDelegate.swift */; };
		03008A9721C3A56E008E7059 /* MainViewController.swift in Sources */ = {isa = PBXBuildFile; fileRef = 03008A9621C3A56E008E7059 /* MainViewController.swift */; };
		03008A9A21C3A56E008E7059 /* Main.storyboard in Resources */ = {isa = PBXBuildFile; fileRef = 03008A9821C3A56E008E7059 /* Main.storyboard */; };
		03008A9C21C3A570008E7059 /* Assets.xcassets in Resources */ = {isa = PBXBuildFile; fileRef = 03008A9B21C3A570008E7059 /* Assets.xcassets */; };
		03008A9F21C3A570008E7059 /* LaunchScreen.storyboard in Resources */ = {isa = PBXBuildFile; fileRef = 03008A9D21C3A570008E7059 /* LaunchScreen.storyboard */; };
		03008AA721C3A665008E7059 /* ProgressCell.swift in Sources */ = {isa = PBXBuildFile; fileRef = 03008AA621C3A665008E7059 /* ProgressCell.swift */; };
		03008AA921C3A90F008E7059 /* ProgressViewModel.swift in Sources */ = {isa = PBXBuildFile; fileRef = 03008AA821C3A90F008E7059 /* ProgressViewModel.swift */; };
		03008AAD21C4DDC4008E7059 /* GradientLayerColor.swift in Sources */ = {isa = PBXBuildFile; fileRef = 03008AAC21C4DDC4008E7059 /* GradientLayerColor.swift */; };
		03008AAF21C4DF20008E7059 /* ColorSchemes.swift in Sources */ = {isa = PBXBuildFile; fileRef = 03008AAE21C4DF20008E7059 /* ColorSchemes.swift */; };
		03008AB721C4E8CB008E7059 /* Rajdhani-Medium.ttf in Resources */ = {isa = PBXBuildFile; fileRef = 03008AB121C4E8CB008E7059 /* Rajdhani-Medium.ttf */; };
		03008AB821C4E8CB008E7059 /* Rajdhani-SemiBold.ttf in Resources */ = {isa = PBXBuildFile; fileRef = 03008AB221C4E8CB008E7059 /* Rajdhani-SemiBold.ttf */; };
		03008AB921C4E8CB008E7059 /* Rajdhani-Light.ttf in Resources */ = {isa = PBXBuildFile; fileRef = 03008AB321C4E8CB008E7059 /* Rajdhani-Light.ttf */; };
		03008ABA21C4E8CB008E7059 /* Rajdhani-Bold.ttf in Resources */ = {isa = PBXBuildFile; fileRef = 03008AB421C4E8CB008E7059 /* Rajdhani-Bold.ttf */; };
		03008ABB21C4E8CB008E7059 /* OFL.txt in Resources */ = {isa = PBXBuildFile; fileRef = 03008AB521C4E8CB008E7059 /* OFL.txt */; };
		03008ABC21C4E8CB008E7059 /* Rajdhani-Regular.ttf in Resources */ = {isa = PBXBuildFile; fileRef = 03008AB621C4E8CB008E7059 /* Rajdhani-Regular.ttf */; };
		03A1199121DF740B00ED70F3 /* Router.swift in Sources */ = {isa = PBXBuildFile; fileRef = 03A1199021DF740B00ED70F3 /* Router.swift */; };
		03F996CE21C76FCB0026FB26 /* StartViewController.swift in Sources */ = {isa = PBXBuildFile; fileRef = 03F996CD21C76FCB0026FB26 /* StartViewController.swift */; };
		03F996D021C77E100026FB26 /* LinearProgressBar.swift in Sources */ = {isa = PBXBuildFile; fileRef = 03F996CF21C77E100026FB26 /* LinearProgressBar.swift */; };
		03F996D221C79B140026FB26 /* ProjectSettings.swift in Sources */ = {isa = PBXBuildFile; fileRef = 03F996D121C79B140026FB26 /* ProjectSettings.swift */; };
		03F996D421C79B280026FB26 /* DateHelper.swift in Sources */ = {isa = PBXBuildFile; fileRef = 03F996D321C79B280026FB26 /* DateHelper.swift */; };
		B0B4FBC288405D7C0A08164C /* Pods_LiveProgress.framework in Frameworks */ = {isa = PBXBuildFile; fileRef = 91F855954C34E391CEB62820 /* Pods_LiveProgress.framework */; };
/* End PBXBuildFile section */

/* Begin PBXFileReference section */
		03008A9121C3A56E008E7059 /* LiveProgress.app */ = {isa = PBXFileReference; explicitFileType = wrapper.application; includeInIndex = 0; path = LiveProgress.app; sourceTree = BUILT_PRODUCTS_DIR; };
		03008A9421C3A56E008E7059 /* AppDelegate.swift */ = {isa = PBXFileReference; lastKnownFileType = sourcecode.swift; path = AppDelegate.swift; sourceTree = "<group>"; };
		03008A9621C3A56E008E7059 /* MainViewController.swift */ = {isa = PBXFileReference; lastKnownFileType = sourcecode.swift; path = MainViewController.swift; sourceTree = "<group>"; };
		03008A9921C3A56E008E7059 /* Base */ = {isa = PBXFileReference; lastKnownFileType = file.storyboard; name = Base; path = Base.lproj/Main.storyboard; sourceTree = "<group>"; };
		03008A9B21C3A570008E7059 /* Assets.xcassets */ = {isa = PBXFileReference; lastKnownFileType = folder.assetcatalog; path = Assets.xcassets; sourceTree = "<group>"; };
		03008A9E21C3A570008E7059 /* Base */ = {isa = PBXFileReference; lastKnownFileType = file.storyboard; name = Base; path = Base.lproj/LaunchScreen.storyboard; sourceTree = "<group>"; };
		03008AA021C3A570008E7059 /* Info.plist */ = {isa = PBXFileReference; lastKnownFileType = text.plist.xml; path = Info.plist; sourceTree = "<group>"; };
		03008AA621C3A665008E7059 /* ProgressCell.swift */ = {isa = PBXFileReference; lastKnownFileType = sourcecode.swift; path = ProgressCell.swift; sourceTree = "<group>"; };
		03008AA821C3A90F008E7059 /* ProgressViewModel.swift */ = {isa = PBXFileReference; lastKnownFileType = sourcecode.swift; path = ProgressViewModel.swift; sourceTree = "<group>"; };
		03008AAC21C4DDC4008E7059 /* GradientLayerColor.swift */ = {isa = PBXFileReference; lastKnownFileType = sourcecode.swift; path = GradientLayerColor.swift; sourceTree = "<group>"; };
		03008AAE21C4DF20008E7059 /* ColorSchemes.swift */ = {isa = PBXFileReference; lastKnownFileType = sourcecode.swift; path = ColorSchemes.swift; sourceTree = "<group>"; };
		03008AB121C4E8CB008E7059 /* Rajdhani-Medium.ttf */ = {isa = PBXFileReference; lastKnownFileType = file; path = "Rajdhani-Medium.ttf"; sourceTree = "<group>"; };
		03008AB221C4E8CB008E7059 /* Rajdhani-SemiBold.ttf */ = {isa = PBXFileReference; lastKnownFileType = file; path = "Rajdhani-SemiBold.ttf"; sourceTree = "<group>"; };
		03008AB321C4E8CB008E7059 /* Rajdhani-Light.ttf */ = {isa = PBXFileReference; lastKnownFileType = file; path = "Rajdhani-Light.ttf"; sourceTree = "<group>"; };
		03008AB421C4E8CB008E7059 /* Rajdhani-Bold.ttf */ = {isa = PBXFileReference; lastKnownFileType = file; path = "Rajdhani-Bold.ttf"; sourceTree = "<group>"; };
		03008AB521C4E8CB008E7059 /* OFL.txt */ = {isa = PBXFileReference; fileEncoding = 4; lastKnownFileType = text; path = OFL.txt; sourceTree = "<group>"; };
		03008AB621C4E8CB008E7059 /* Rajdhani-Regular.ttf */ = {isa = PBXFileReference; lastKnownFileType = file; path = "Rajdhani-Regular.ttf"; sourceTree = "<group>"; };
		03A1199021DF740B00ED70F3 /* Router.swift */ = {isa = PBXFileReference; lastKnownFileType = sourcecode.swift; path = Router.swift; sourceTree = "<group>"; };
		03F996CD21C76FCB0026FB26 /* StartViewController.swift */ = {isa = PBXFileReference; lastKnownFileType = sourcecode.swift; path = StartViewController.swift; sourceTree = "<group>"; };
		03F996CF21C77E100026FB26 /* LinearProgressBar.swift */ = {isa = PBXFileReference; lastKnownFileType = sourcecode.swift; path = LinearProgressBar.swift; sourceTree = "<group>"; };
		03F996D121C79B140026FB26 /* ProjectSettings.swift */ = {isa = PBXFileReference; lastKnownFileType = sourcecode.swift; path = ProjectSettings.swift; sourceTree = "<group>"; };
		03F996D321C79B280026FB26 /* DateHelper.swift */ = {isa = PBXFileReference; lastKnownFileType = sourcecode.swift; path = DateHelper.swift; sourceTree = "<group>"; };
		19EDC3A0CB2598F646791F2D /* Pods-LiveProgress.release.xcconfig */ = {isa = PBXFileReference; includeInIndex = 1; lastKnownFileType = text.xcconfig; name = "Pods-LiveProgress.release.xcconfig"; path = "Pods/Target Support Files/Pods-LiveProgress/Pods-LiveProgress.release.xcconfig"; sourceTree = "<group>"; };
		8F16BCC3991B233EFFB82026 /* Pods-LiveProgress.debug.xcconfig */ = {isa = PBXFileReference; includeInIndex = 1; lastKnownFileType = text.xcconfig; name = "Pods-LiveProgress.debug.xcconfig"; path = "Pods/Target Support Files/Pods-LiveProgress/Pods-LiveProgress.debug.xcconfig"; sourceTree = "<group>"; };
		91F855954C34E391CEB62820 /* Pods_LiveProgress.framework */ = {isa = PBXFileReference; explicitFileType = wrapper.framework; includeInIndex = 0; path = Pods_LiveProgress.framework; sourceTree = BUILT_PRODUCTS_DIR; };
/* End PBXFileReference section */

/* Begin PBXFrameworksBuildPhase section */
		03008A8E21C3A56E008E7059 /* Frameworks */ = {
			isa = PBXFrameworksBuildPhase;
			buildActionMask = 2147483647;
			files = (
				B0B4FBC288405D7C0A08164C /* Pods_LiveProgress.framework in Frameworks */,
			);
			runOnlyForDeploymentPostprocessing = 0;
		};
/* End PBXFrameworksBuildPhase section */

/* Begin PBXGroup section */
		03008A8821C3A56E008E7059 = {
			isa = PBXGroup;
			children = (
				03008A9321C3A56E008E7059 /* LiveProgress */,
				03008A9221C3A56E008E7059 /* Products */,
				D9FB3AA0C3526A59A301E189 /* Pods */,
				793FCCBE0ECD2B3A69C0686B /* Frameworks */,
			);
			sourceTree = "<group>";
		};
		03008A9221C3A56E008E7059 /* Products */ = {
			isa = PBXGroup;
			children = (
				03008A9121C3A56E008E7059 /* LiveProgress.app */,
			);
			name = Products;
			sourceTree = "<group>";
		};
		03008A9321C3A56E008E7059 /* LiveProgress */ = {
			isa = PBXGroup;
			children = (
				03008A9421C3A56E008E7059 /* AppDelegate.swift */,
				03008A9B21C3A570008E7059 /* Assets.xcassets */,
				03008AAE21C4DF20008E7059 /* ColorSchemes.swift */,
				03F996D321C79B280026FB26 /* DateHelper.swift */,
				03008AAC21C4DDC4008E7059 /* GradientLayerColor.swift */,
				03008AA021C3A570008E7059 /* Info.plist */,
				03008A9D21C3A570008E7059 /* LaunchScreen.storyboard */,
				03F996CF21C77E100026FB26 /* LinearProgressBar.swift */,
				03008A9821C3A56E008E7059 /* Main.storyboard */,
				03008A9621C3A56E008E7059 /* MainViewController.swift */,
				03008AA621C3A665008E7059 /* ProgressCell.swift */,
				03008AA821C3A90F008E7059 /* ProgressViewModel.swift */,
				03F996D121C79B140026FB26 /* ProjectSettings.swift */,
				03008AB021C4E8CB008E7059 /* Rajdhani */,
				03A1199021DF740B00ED70F3 /* Router.swift */,
				03F996CD21C76FCB0026FB26 /* StartViewController.swift */,
			);
			path = LiveProgress;
			sourceTree = "<group>";
		};
		03008AB021C4E8CB008E7059 /* Rajdhani */ = {
			isa = PBXGroup;
			children = (
				03008AB121C4E8CB008E7059 /* Rajdhani-Medium.ttf */,
				03008AB221C4E8CB008E7059 /* Rajdhani-SemiBold.ttf */,
				03008AB321C4E8CB008E7059 /* Rajdhani-Light.ttf */,
				03008AB421C4E8CB008E7059 /* Rajdhani-Bold.ttf */,
				03008AB521C4E8CB008E7059 /* OFL.txt */,
				03008AB621C4E8CB008E7059 /* Rajdhani-Regular.ttf */,
			);
			path = Rajdhani;
			sourceTree = "<group>";
		};
		793FCCBE0ECD2B3A69C0686B /* Frameworks */ = {
			isa = PBXGroup;
			children = (
				91F855954C34E391CEB62820 /* Pods_LiveProgress.framework */,
			);
			name = Frameworks;
			sourceTree = "<group>";
		};
		D9FB3AA0C3526A59A301E189 /* Pods */ = {
			isa = PBXGroup;
			children = (
				8F16BCC3991B233EFFB82026 /* Pods-LiveProgress.debug.xcconfig */,
				19EDC3A0CB2598F646791F2D /* Pods-LiveProgress.release.xcconfig */,
			);
			name = Pods;
			sourceTree = "<group>";
		};
/* End PBXGroup section */

/* Begin PBXNativeTarget section */
		03008A9021C3A56E008E7059 /* LiveProgress */ = {
			isa = PBXNativeTarget;
			buildConfigurationList = 03008AA321C3A570008E7059 /* Build configuration list for PBXNativeTarget "LiveProgress" */;
			buildPhases = (
				4EF8C2AF4A666D50F7C7E93B /* [CP] Check Pods Manifest.lock */,
				03008A8D21C3A56E008E7059 /* Sources */,
				03008A8E21C3A56E008E7059 /* Frameworks */,
				03008A8F21C3A56E008E7059 /* Resources */,
				A56FB03BCD2B2C07C242CB1A /* [CP] Embed Pods Frameworks */,
			);
			buildRules = (
			);
			dependencies = (
			);
			name = LiveProgress;
			productName = LiveProgress;
			productReference = 03008A9121C3A56E008E7059 /* LiveProgress.app */;
			productType = "com.apple.product-type.application";
		};
/* End PBXNativeTarget section */

/* Begin PBXProject section */
		03008A8921C3A56E008E7059 /* Project object */ = {
			isa = PBXProject;
			attributes = {
				LastSwiftUpdateCheck = 1000;
				LastUpgradeCheck = 1000;
				ORGANIZATIONNAME = "Olga Vorona";
				TargetAttributes = {
					03008A9021C3A56E008E7059 = {
						CreatedOnToolsVersion = 10.0;
					};
				};
			};
			buildConfigurationList = 03008A8C21C3A56E008E7059 /* Build configuration list for PBXProject "LiveProgress" */;
			compatibilityVersion = "Xcode 9.3";
			developmentRegion = en;
			hasScannedForEncodings = 0;
			knownRegions = (
				en,
				Base,
			);
			mainGroup = 03008A8821C3A56E008E7059;
			productRefGroup = 03008A9221C3A56E008E7059 /* Products */;
			projectDirPath = "";
			projectRoot = "";
			targets = (
				03008A9021C3A56E008E7059 /* LiveProgress */,
			);
		};
/* End PBXProject section */

/* Begin PBXResourcesBuildPhase section */
		03008A8F21C3A56E008E7059 /* Resources */ = {
			isa = PBXResourcesBuildPhase;
			buildActionMask = 2147483647;
			files = (
				03008A9F21C3A570008E7059 /* LaunchScreen.storyboard in Resources */,
				03008A9C21C3A570008E7059 /* Assets.xcassets in Resources */,
				03008AB921C4E8CB008E7059 /* Rajdhani-Light.ttf in Resources */,
				03008AB721C4E8CB008E7059 /* Rajdhani-Medium.ttf in Resources */,
				03008ABA21C4E8CB008E7059 /* Rajdhani-Bold.ttf in Resources */,
				03008AB821C4E8CB008E7059 /* Rajdhani-SemiBold.ttf in Resources */,
				03008ABB21C4E8CB008E7059 /* OFL.txt in Resources */,
				03008A9A21C3A56E008E7059 /* Main.storyboard in Resources */,
				03008ABC21C4E8CB008E7059 /* Rajdhani-Regular.ttf in Resources */,
			);
			runOnlyForDeploymentPostprocessing = 0;
		};
/* End PBXResourcesBuildPhase section */

/* Begin PBXShellScriptBuildPhase section */
		4EF8C2AF4A666D50F7C7E93B /* [CP] Check Pods Manifest.lock */ = {
			isa = PBXShellScriptBuildPhase;
			buildActionMask = 2147483647;
			files = (
			);
			inputFileListPaths = (
			);
			inputPaths = (
				"${PODS_PODFILE_DIR_PATH}/Podfile.lock",
				"${PODS_ROOT}/Manifest.lock",
			);
			name = "[CP] Check Pods Manifest.lock";
			outputFileListPaths = (
			);
			outputPaths = (
				"$(DERIVED_FILE_DIR)/Pods-LiveProgress-checkManifestLockResult.txt",
			);
			runOnlyForDeploymentPostprocessing = 0;
			shellPath = /bin/sh;
			shellScript = "diff \"${PODS_PODFILE_DIR_PATH}/Podfile.lock\" \"${PODS_ROOT}/Manifest.lock\" > /dev/null\nif [ $? != 0 ] ; then\n    # print error to STDERR\n    echo \"error: The sandbox is not in sync with the Podfile.lock. Run 'pod install' or update your CocoaPods installation.\" >&2\n    exit 1\nfi\n# This output is used by Xcode 'outputs' to avoid re-running this script phase.\necho \"SUCCESS\" > \"${SCRIPT_OUTPUT_FILE_0}\"\n";
			showEnvVarsInLog = 0;
		};
		A56FB03BCD2B2C07C242CB1A /* [CP] Embed Pods Frameworks */ = {
			isa = PBXShellScriptBuildPhase;
			buildActionMask = 2147483647;
			files = (
			);
			inputFileListPaths = (
			);
			inputPaths = (
				"${SRCROOT}/Pods/Target Support Files/Pods-LiveProgress/Pods-LiveProgress-frameworks.sh",
				"${BUILT_PRODUCTS_DIR}/TextFieldEffects/TextFieldEffects.framework",
			);
			name = "[CP] Embed Pods Frameworks";
			outputFileListPaths = (
			);
			outputPaths = (
				"${TARGET_BUILD_DIR}/${FRAMEWORKS_FOLDER_PATH}/TextFieldEffects.framework",
			);
			runOnlyForDeploymentPostprocessing = 0;
			shellPath = /bin/sh;
			shellScript = "\"${SRCROOT}/Pods/Target Support Files/Pods-LiveProgress/Pods-LiveProgress-frameworks.sh\"\n";
			showEnvVarsInLog = 0;
		};
/* End PBXShellScriptBuildPhase section */

/* Begin PBXSourcesBuildPhase section */
		03008A8D21C3A56E008E7059 /* Sources */ = {
			isa = PBXSourcesBuildPhase;
			buildActionMask = 2147483647;
			files = (
				03A1199121DF740B00ED70F3 /* Router.swift in Sources */,
				03F996D221C79B140026FB26 /* ProjectSettings.swift in Sources */,
				03008A9721C3A56E008E7059 /* MainViewController.swift in Sources */,
				03F996CE21C76FCB0026FB26 /* StartViewController.swift in Sources */,
				03008AA721C3A665008E7059 /* ProgressCell.swift in Sources */,
				03008AAD21C4DDC4008E7059 /* GradientLayerColor.swift in Sources */,
				03F996D421C79B280026FB26 /* DateHelper.swift in Sources */,
				03008A9521C3A56E008E7059 /* AppDelegate.swift in Sources */,
				03008AAF21C4DF20008E7059 /* ColorSchemes.swift in Sources */,
				03008AA921C3A90F008E7059 /* ProgressViewModel.swift in Sources */,
				03F996D021C77E100026FB26 /* LinearProgressBar.swift in Sources */,
			);
			runOnlyForDeploymentPostprocessing = 0;
		};
/* End PBXSourcesBuildPhase section */

/* Begin PBXVariantGroup section */
		03008A9821C3A56E008E7059 /* Main.storyboard */ = {
			isa = PBXVariantGroup;
			children = (
				03008A9921C3A56E008E7059 /* Base */,
			);
			name = Main.storyboard;
			sourceTree = "<group>";
		};
		03008A9D21C3A570008E7059 /* LaunchScreen.storyboard */ = {
			isa = PBXVariantGroup;
			children = (
				03008A9E21C3A570008E7059 /* Base */,
			);
			name = LaunchScreen.storyboard;
			sourceTree = "<group>";
		};
/* End PBXVariantGroup section */

/* Begin XCBuildConfiguration section */
		03008AA121C3A570008E7059 /* Debug */ = {
			isa = XCBuildConfiguration;
			buildSettings = {
				ALWAYS_SEARCH_USER_PATHS = NO;
				CLANG_ANALYZER_NONNULL = YES;
				CLANG_ANALYZER_NUMBER_OBJECT_CONVERSION = YES_AGGRESSIVE;
				CLANG_CXX_LANGUAGE_STANDARD = "gnu++14";
				CLANG_CXX_LIBRARY = "libc++";
				CLANG_ENABLE_MODULES = YES;
				CLANG_ENABLE_OBJC_ARC = YES;
				CLANG_ENABLE_OBJC_WEAK = YES;
				CLANG_WARN_BLOCK_CAPTURE_AUTORELEASING = YES;
				CLANG_WARN_BOOL_CONVERSION = YES;
				CLANG_WARN_COMMA = YES;
				CLANG_WARN_CONSTANT_CONVERSION = YES;
				CLANG_WARN_DEPRECATED_OBJC_IMPLEMENTATIONS = YES;
				CLANG_WARN_DIRECT_OBJC_ISA_USAGE = YES_ERROR;
				CLANG_WARN_DOCUMENTATION_COMMENTS = YES;
				CLANG_WARN_EMPTY_BODY = YES;
				CLANG_WARN_ENUM_CONVERSION = YES;
				CLANG_WARN_INFINITE_RECURSION = YES;
				CLANG_WARN_INT_CONVERSION = YES;
				CLANG_WARN_NON_LITERAL_NULL_CONVERSION = YES;
				CLANG_WARN_OBJC_IMPLICIT_RETAIN_SELF = YES;
				CLANG_WARN_OBJC_LITERAL_CONVERSION = YES;
				CLANG_WARN_OBJC_ROOT_CLASS = YES_ERROR;
				CLANG_WARN_RANGE_LOOP_ANALYSIS = YES;
				CLANG_WARN_STRICT_PROTOTYPES = YES;
				CLANG_WARN_SUSPICIOUS_MOVE = YES;
				CLANG_WARN_UNGUARDED_AVAILABILITY = YES_AGGRESSIVE;
				CLANG_WARN_UNREACHABLE_CODE = YES;
				CLANG_WARN__DUPLICATE_METHOD_MATCH = YES;
				CODE_SIGN_IDENTITY = "iPhone Developer";
				COPY_PHASE_STRIP = NO;
				DEBUG_INFORMATION_FORMAT = dwarf;
				ENABLE_STRICT_OBJC_MSGSEND = YES;
				ENABLE_TESTABILITY = YES;
				GCC_C_LANGUAGE_STANDARD = gnu11;
				GCC_DYNAMIC_NO_PIC = NO;
				GCC_NO_COMMON_BLOCKS = YES;
				GCC_OPTIMIZATION_LEVEL = 0;
				GCC_PREPROCESSOR_DEFINITIONS = (
					"DEBUG=1",
					"$(inherited)",
				);
				GCC_WARN_64_TO_32_BIT_CONVERSION = YES;
				GCC_WARN_ABOUT_RETURN_TYPE = YES_ERROR;
				GCC_WARN_UNDECLARED_SELECTOR = YES;
				GCC_WARN_UNINITIALIZED_AUTOS = YES_AGGRESSIVE;
				GCC_WARN_UNUSED_FUNCTION = YES;
				GCC_WARN_UNUSED_VARIABLE = YES;
				IPHONEOS_DEPLOYMENT_TARGET = 12.0;
				MTL_ENABLE_DEBUG_INFO = INCLUDE_SOURCE;
				MTL_FAST_MATH = YES;
				ONLY_ACTIVE_ARCH = YES;
				SDKROOT = iphoneos;
				SWIFT_ACTIVE_COMPILATION_CONDITIONS = DEBUG;
				SWIFT_OPTIMIZATION_LEVEL = "-Onone";
			};
			name = Debug;
		};
		03008AA221C3A570008E7059 /* Release */ = {
			isa = XCBuildConfiguration;
			buildSettings = {
				ALWAYS_SEARCH_USER_PATHS = NO;
				CLANG_ANALYZER_NONNULL = YES;
				CLANG_ANALYZER_NUMBER_OBJECT_CONVERSION = YES_AGGRESSIVE;
				CLANG_CXX_LANGUAGE_STANDARD = "gnu++14";
				CLANG_CXX_LIBRARY = "libc++";
				CLANG_ENABLE_MODULES = YES;
				CLANG_ENABLE_OBJC_ARC = YES;
				CLANG_ENABLE_OBJC_WEAK = YES;
				CLANG_WARN_BLOCK_CAPTURE_AUTORELEASING = YES;
				CLANG_WARN_BOOL_CONVERSION = YES;
				CLANG_WARN_COMMA = YES;
				CLANG_WARN_CONSTANT_CONVERSION = YES;
				CLANG_WARN_DEPRECATED_OBJC_IMPLEMENTATIONS = YES;
				CLANG_WARN_DIRECT_OBJC_ISA_USAGE = YES_ERROR;
				CLANG_WARN_DOCUMENTATION_COMMENTS = YES;
				CLANG_WARN_EMPTY_BODY = YES;
				CLANG_WARN_ENUM_CONVERSION = YES;
				CLANG_WARN_INFINITE_RECURSION = YES;
				CLANG_WARN_INT_CONVERSION = YES;
				CLANG_WARN_NON_LITERAL_NULL_CONVERSION = YES;
				CLANG_WARN_OBJC_IMPLICIT_RETAIN_SELF = YES;
				CLANG_WARN_OBJC_LITERAL_CONVERSION = YES;
				CLANG_WARN_OBJC_ROOT_CLASS = YES_ERROR;
				CLANG_WARN_RANGE_LOOP_ANALYSIS = YES;
				CLANG_WARN_STRICT_PROTOTYPES = YES;
				CLANG_WARN_SUSPICIOUS_MOVE = YES;
				CLANG_WARN_UNGUARDED_AVAILABILITY = YES_AGGRESSIVE;
				CLANG_WARN_UNREACHABLE_CODE = YES;
				CLANG_WARN__DUPLICATE_METHOD_MATCH = YES;
				CODE_SIGN_IDENTITY = "iPhone Developer";
				COPY_PHASE_STRIP = NO;
				DEBUG_INFORMATION_FORMAT = "dwarf-with-dsym";
				ENABLE_NS_ASSERTIONS = NO;
				ENABLE_STRICT_OBJC_MSGSEND = YES;
				GCC_C_LANGUAGE_STANDARD = gnu11;
				GCC_NO_COMMON_BLOCKS = YES;
				GCC_WARN_64_TO_32_BIT_CONVERSION = YES;
				GCC_WARN_ABOUT_RETURN_TYPE = YES_ERROR;
				GCC_WARN_UNDECLARED_SELECTOR = YES;
				GCC_WARN_UNINITIALIZED_AUTOS = YES_AGGRESSIVE;
				GCC_WARN_UNUSED_FUNCTION = YES;
				GCC_WARN_UNUSED_VARIABLE = YES;
				IPHONEOS_DEPLOYMENT_TARGET = 12.0;
				MTL_ENABLE_DEBUG_INFO = NO;
				MTL_FAST_MATH = YES;
				SDKROOT = iphoneos;
				SWIFT_COMPILATION_MODE = wholemodule;
				SWIFT_OPTIMIZATION_LEVEL = "-O";
				VALIDATE_PRODUCT = YES;
			};
			name = Release;
		};
		03008AA421C3A570008E7059 /* Debug */ = {
			isa = XCBuildConfiguration;
			baseConfigurationReference = 8F16BCC3991B233EFFB82026 /* Pods-LiveProgress.debug.xcconfig */;
			buildSettings = {
				ASSETCATALOG_COMPILER_APPICON_NAME = AppIcon;
				CODE_SIGN_STYLE = Automatic;
				DEVELOPMENT_TEAM = SC8JJ92TL6;
				INFOPLIST_FILE = LiveProgress/Info.plist;
				LD_RUNPATH_SEARCH_PATHS = (
					"$(inherited)",
					"@executable_path/Frameworks",
				);
				PRODUCT_BUNDLE_IDENTIFIER = ovorona.LiveProgress;
				PRODUCT_NAME = "$(TARGET_NAME)";
				SWIFT_VERSION = 4.2;
				TARGETED_DEVICE_FAMILY = 1;
			};
			name = Debug;
		};
		03008AA521C3A570008E7059 /* Release */ = {
			isa = XCBuildConfiguration;
			baseConfigurationReference = 19EDC3A0CB2598F646791F2D /* Pods-LiveProgress.release.xcconfig */;
			buildSettings = {
				ASSETCATALOG_COMPILER_APPICON_NAME = AppIcon;
				CODE_SIGN_STYLE = Automatic;
				DEVELOPMENT_TEAM = SC8JJ92TL6;
				INFOPLIST_FILE = LiveProgress/Info.plist;
				LD_RUNPATH_SEARCH_PATHS = (
					"$(inherited)",
					"@executable_path/Frameworks",
				);
				PRODUCT_BUNDLE_IDENTIFIER = ovorona.LiveProgress;
				PRODUCT_NAME = "$(TARGET_NAME)";
				SWIFT_VERSION = 4.2;
				TARGETED_DEVICE_FAMILY = 1;
			};
			name = Release;
		};
/* End XCBuildConfiguration section */

/* Begin XCConfigurationList section */
		03008A8C21C3A56E008E7059 /* Build configuration list for PBXProject "LiveProgress" */ = {
			isa = XCConfigurationList;
			buildConfigurations = (
				03008AA121C3A570008E7059 /* Debug */,
				03008AA221C3A570008E7059 /* Release */,
			);
			defaultConfigurationIsVisible = 0;
			defaultConfigurationName = Release;
		};
		03008AA321C3A570008E7059 /* Build configuration list for PBXNativeTarget "LiveProgress" */ = {
			isa = XCConfigurationList;
			buildConfigurations = (
				03008AA421C3A570008E7059 /* Debug */,
				03008AA521C3A570008E7059 /* Release */,
			);
			defaultConfigurationIsVisible = 0;
			defaultConfigurationName = Release;
		};
/* End XCConfigurationList section */
	};
	rootObject = 03008A8921C3A56E008E7059 /* Project object */;
}
